
Microsoft Visual Studio Solution File, Format Version 12.00
# Visual Studio Version 17
VisualStudioVersion = 17.9.34723.18
MinimumVisualStudioVersion = 10.0.40219.1
Project("{FAE04EC0-301F-11D3-BF4B-00C04F79EFBC}") = "DbFirstWebAPI", "DbFirstWebAPI\DbFirstWebAPI.csproj", "{FDA413A4-0355-4A5E-A189-C50975A62320}"
EndProject
Global
	GlobalSection(SolutionConfigurationPlatforms) = preSolution
		Debug|Any CPU = Debug|Any CPU
		Release|Any CPU = Release|Any CPU
	EndGlobalSection
	GlobalSection(ProjectConfigurationPlatforms) = postSolution
		{FDA413A4-0355-4A5E-A189-C50975A62320}.Debug|Any CPU.ActiveCfg = Debug|Any CPU
		{FDA413A4-0355-4A5E-A189-C50975A62320}.Debug|Any CPU.Build.0 = Debug|Any CPU
		{FDA413A4-0355-4A5E-A189-C50975A62320}.Release|Any CPU.ActiveCfg = Release|Any CPU
		{FDA413A4-0355-4A5E-A189-C50975A62320}.Release|Any CPU.Build.0 = Release|Any CPU
	EndGlobalSection
	GlobalSection(SolutionProperties) = preSolution
		HideSolutionNode = FALSE
	EndGlobalSection
	GlobalSection(ExtensibilityGlobals) = postSolution
		SolutionGuid = {782D2E15-DB84-4AF8-B723-3C61081AF249}
	EndGlobalSection
EndGlobal
